
Microsoft Visual Studio Solution File, Format Version 12.00
# Visual Studio Version 16
VisualStudioVersion = 16.0.31105.61
MinimumVisualStudioVersion = 10.0.40219.1
Project("{9A19103F-16F7-4668-BE54-9A1E7A4F7556}") = "RecursionProject", "RecursionProject.csproj", "{9C95FCF1-993D-408E-A313-C7D5B4CAE0B7}"
EndProject
Global
	GlobalSection(SolutionConfigurationPlatforms) = preSolution
		Debug|Any CPU = Debug|Any CPU
		Release|Any CPU = Release|Any CPU
	EndGlobalSection
	GlobalSection(ProjectConfigurationPlatforms) = postSolution
		{9C95FCF1-993D-408E-A313-C7D5B4CAE0B7}.Debug|Any CPU.ActiveCfg = Debug|Any CPU
		{9C95FCF1-993D-408E-A313-C7D5B4CAE0B7}.Debug|Any CPU.Build.0 = Debug|Any CPU
		{9C95FCF1-993D-408E-A313-C7D5B4CAE0B7}.Release|Any CPU.ActiveCfg = Release|Any CPU
		{9C95FCF1-993D-408E-A313-C7D5B4CAE0B7}.Release|Any CPU.Build.0 = Release|Any CPU
	EndGlobalSection
	GlobalSection(SolutionProperties) = preSolution
		HideSolutionNode = FALSE
	EndGlobalSection
	GlobalSection(ExtensibilityGlobals) = postSolution
		SolutionGuid = {2113D8A9-5356-4B61-9E55-4CEA4C500322}
	EndGlobalSection
EndGlobal
